
Microsoft Visual Studio Solution File, Format Version 12.00
# Visual Studio Version 17
VisualStudioVersion = 17.8.34330.188
MinimumVisualStudioVersion = 10.0.40219.1
Project("{FAE04EC0-301F-11D3-BF4B-00C04F79EFBC}") = "Controller", "Controller\Controller.csproj", "{D1EA213D-0A29-42C3-88AC-AF81D62BBE22}"
EndProject
Project("{FAE04EC0-301F-11D3-BF4B-00C04F79EFBC}") = "Test", "Test\Test.csproj", "{8AE545D7-34A5-4A86-AEC7-7EA496448A65}"
EndProject
Global
	GlobalSection(SolutionConfigurationPlatforms) = preSolution
		Debug|Any CPU = Debug|Any CPU
		Release|Any CPU = Release|Any CPU
	EndGlobalSection
	GlobalSection(ProjectConfigurationPlatforms) = postSolution
		{D1EA213D-0A29-42C3-88AC-AF81D62BBE22}.Debug|Any CPU.ActiveCfg = Debug|Any CPU
		{D1EA213D-0A29-42C3-88AC-AF81D62BBE22}.Debug|Any CPU.Build.0 = Debug|Any CPU
		{D1EA213D-0A29-42C3-88AC-AF81D62BBE22}.Release|Any CPU.ActiveCfg = Release|Any CPU
		{D1EA213D-0A29-42C3-88AC-AF81D62BBE22}.Release|Any CPU.Build.0 = Release|Any CPU
		{8AE545D7-34A5-4A86-AEC7-7EA496448A65}.Debug|Any CPU.ActiveCfg = Debug|Any CPU
		{8AE545D7-34A5-4A86-AEC7-7EA496448A65}.Debug|Any CPU.Build.0 = Debug|Any CPU
		{8AE545D7-34A5-4A86-AEC7-7EA496448A65}.Release|Any CPU.ActiveCfg = Release|Any CPU
		{8AE545D7-34A5-4A86-AEC7-7EA496448A65}.Release|Any CPU.Build.0 = Release|Any CPU
	EndGlobalSection
	GlobalSection(SolutionProperties) = preSolution
		HideSolutionNode = FALSE
	EndGlobalSection
	GlobalSection(ExtensibilityGlobals) = postSolution
		SolutionGuid = {86132D81-85AF-43F9-8390-D38A9BE59B07}
	EndGlobalSection
EndGlobal
